
Microsoft Visual Studio Solution File, Format Version 12.00
# Visual Studio Version 17
VisualStudioVersion = 17.10.35027.167
MinimumVisualStudioVersion = 10.0.40219.1
Project("{FAE04EC0-301F-11D3-BF4B-00C04F79EFBC}") = "project.api", "project.api\project.api.csproj", "{309AD422-491A-45F7-86A4-45C42F5A7665}"
EndProject
Global
	GlobalSection(SolutionConfigurationPlatforms) = preSolution
		Debug|Any CPU = Debug|Any CPU
		Release|Any CPU = Release|Any CPU
	EndGlobalSection
	GlobalSection(ProjectConfigurationPlatforms) = postSolution
		{309AD422-491A-45F7-86A4-45C42F5A7665}.Debug|Any CPU.ActiveCfg = Debug|Any CPU
		{309AD422-491A-45F7-86A4-45C42F5A7665}.Debug|Any CPU.Build.0 = Debug|Any CPU
		{309AD422-491A-45F7-86A4-45C42F5A7665}.Release|Any CPU.ActiveCfg = Release|Any CPU
		{309AD422-491A-45F7-86A4-45C42F5A7665}.Release|Any CPU.Build.0 = Release|Any CPU
	EndGlobalSection
	GlobalSection(SolutionProperties) = preSolution
		HideSolutionNode = FALSE
	EndGlobalSection
	GlobalSection(ExtensibilityGlobals) = postSolution
		SolutionGuid = {111D8CC3-352D-43C4-84A0-E0C58520E764}
	EndGlobalSection
EndGlobal
